
Microsoft Visual Studio Solution File, Format Version 12.00
# Visual Studio Version 17
VisualStudioVersion = 17.14.37012.4
MinimumVisualStudioVersion = 10.0.40219.1
Project("{8BC9CEB8-8B4A-11D0-8D11-00A0C91BC942}") = "Project00", "Project00\Project00.vcxproj", "{D67E86CE-5EA1-4A01-ADEB-61EA7B5AE3F6}"
EndProject
Project("{8BC9CEB8-8B4A-11D0-8D11-00A0C91BC942}") = "Project01", "Project01\Project01.vcxproj", "{5349E324-B406-48EA-ADB5-9B212CE09E27}"
EndProject
Project("{8BC9CEB8-8B4A-11D0-8D11-00A0C91BC942}") = "Project02", "Project02\Project02.vcxproj", "{5B4C5B61-542D-4227-B819-AAA9EA6E497D}"
EndProject
Project("{8BC9CEB8-8B4A-11D0-8D11-00A0C91BC942}") = "Project03", "Project03\Project03.vcxproj", "{BD446484-DF5B-4BBB-A75A-C95F18115C68}"
EndProject
Project("{8BC9CEB8-8B4A-11D0-8D11-00A0C91BC942}") = "Project04", "Project04\Project04.vcxproj", "{427FD59E-E026-47B2-B3B2-ED234D1B9AC8}"
EndProject
Project("{8BC9CEB8-8B4A-11D0-8D11-00A0C91BC942}") = "Project05", "Project05\Project05.vcxproj", "{9B4BC453-FE08-48B6-8933-0EF1E8358C32}"
EndProject
Project("{8BC9CEB8-8B4A-11D0-8D11-00A0C91BC942}") = "Project06", "Project06\Project06.vcxproj", "{0C46A0F4-E60B-468A-AE8B-8096C5EED328}"
EndProject
Project("{8BC9CEB8-8B4A-11D0-8D11-00A0C91BC942}") = "Project07", "Project07\Project07.vcxproj", "{67DB176E-0F0A-4B9C-BB96-0324FF9CE380}"
EndProject
Project("{8BC9CEB8-8B4A-11D0-8D11-00A0C91BC942}") = "Project08", "Project08\Project08.vcxproj", "{EC098717-27EA-4552-AE59-84B7490C3573}"
EndProject
Project("{8BC9CEB8-8B4A-11D0-8D11-00A0C91BC942}") = "Project09", "Project09\Project09.vcxproj", "{D031BE07-8081-4597-ABF5-5E1F1D5B9E8B}"
EndProject
Project("{8BC9CEB8-8B4A-11D0-8D11-00A0C91BC942}") = "Project10", "Project10\Project10.vcxproj", "{788CE558-1E5B-4040-A7CC-C66B726B4131}"
EndProject
Project("{8BC9CEB8-8B4A-11D0-8D11-00A0C91BC942}") = "Project11", "Project11\Project11.vcxproj", "{150F828A-B75A-41F4-9BA9-7E84A6C793F4}"
EndProject
Project("{8BC9CEB8-8B4A-11D0-8D11-00A0C91BC942}") = "Project12", "Project12\Project12.vcxproj", "{C12A6B61-149D-40CA-AB4C-1ACB129E80C3}"
EndProject
Project("{8BC9CEB8-8B4A-11D0-8D11-00A0C91BC942}") = "Project13", "Project13\Project13.vcxproj", "{7F818207-2270-409B-9E6C-FD98AB51D8D4}"
EndProject
Project("{8BC9CEB8-8B4A-11D0-8D11-00A0C91BC942}") = "Project14", "Project14\Project14.vcxproj", "{56B95650-B01E-431B-9BF7-D19A8877467B}"
EndProject
Project("{8BC9CEB8-8B4A-11D0-8D11-00A0C91BC942}") = "Project15", "Project15\Project15.vcxproj", "{A79435F7-77A8-475D-A725-B8427BC4D3FE}"
EndProject
Project("{8BC9CEB8-8B4A-11D0-8D11-00A0C91BC942}") = "Project16", "Project16\Project16.vcxproj", "{52D423C2-18F7-4DEC-8220-6584966792B1}"
EndProject
Global
	GlobalSection(SolutionConfigurationPlatforms) = preSolution
		Debug|x64 = Debug|x64
		Debug|x86 = Debug|x86
		Release|x64 = Release|x64
		Release|x86 = Release|x86
	EndGlobalSection
	GlobalSection(ProjectConfigurationPlatforms) = postSolution
		{D67E86CE-5EA1-4A01-ADEB-61EA7B5AE3F6}.Debug|x64.ActiveCfg = Debug|x64
		{D67E86CE-5EA1-4A01-ADEB-61EA7B5AE3F6}.Debug|x64.Build.0 = Debug|x64
		{D67E86CE-5EA1-4A01-ADEB-61EA7B5AE3F6}.Debug|x86.ActiveCfg = Debug|Win32
		{D67E86CE-5EA1-4A01-ADEB-61EA7B5AE3F6}.Debug|x86.Build.0 = Debug|Win32
		{D67E86CE-5EA1-4A01-ADEB-61EA7B5AE3F6}.Release|x64.ActiveCfg = Release|x64
		{D67E86CE-5EA1-4A01-ADEB-61EA7B5AE3F6}.Release|x64.Build.0 = Release|x64
		{D67E86CE-5EA1-4A01-ADEB-61EA7B5AE3F6}.Release|x86.ActiveCfg = Release|Win32
		{D67E86CE-5EA1-4A01-ADEB-61EA7B5AE3F6}.Release|x86.Build.0 = Release|Win32
		{5349E324-B406-48EA-ADB5-9B212CE09E27}.Debug|x64.ActiveCfg = Debug|x64
		{5349E324-B406-48EA-ADB5-9B212CE09E27}.Debug|x64.Build.0 = Debug|x64
		{5349E324-B406-48EA-ADB5-9B212CE09E27}.Debug|x86.ActiveCfg = Debug|Win32
		{5349E324-B406-48EA-ADB5-9B212CE09E27}.Debug|x86.Build.0 = Debug|Win32
		{5349E324-B406-48EA-ADB5-9B212CE09E27}.Release|x64.ActiveCfg = Release|x64
		{5349E324-B406-48EA-ADB5-9B212CE09E27}.Release|x64.Build.0 = Release|x64
		{5349E324-B406-48EA-ADB5-9B212CE09E27}.Release|x86.ActiveCfg = Release|Win32
		{5349E324-B406-48EA-ADB5-9B212CE09E27}.Release|x86.Build.0 = Release|Win32
		{5B4C5B61-542D-4227-B819-AAA9EA6E497D}.Debug|x64.ActiveCfg = Debug|x64
		{5B4C5B61-542D-4227-B819-AAA9EA6E497D}.Debug|x64.Build.0 = Debug|x64
		{5B4C5B61-542D-4227-B819-AAA9EA6E497D}.Debug|x86.ActiveCfg = Debug|Win32
		{5B4C5B61-542D-4227-B819-AAA9EA6E497D}.Debug|x86.Build.0 = Debug|Win32
		{5B4C5B61-542D-4227-B819-AAA9EA6E497D}.Release|x64.ActiveCfg = Release|x64
		{5B4C5B61-542D-4227-B819-AAA9EA6E497D}.Release|x64.Build.0 = Release|x64
		{5B4C5B61-542D-4227-B819-AAA9EA6E497D}.Release|x86.ActiveCfg = Release|Win32
		{5B4C5B61-542D-4227-B819-AAA9EA6E497D}.Release|x86.Build.0 = Release|Win32
		{BD446484-DF5B-4BBB-A75A-C95F18115C68}.Debug|x64.ActiveCfg = Debug|x64
		{BD446484-DF5B-4BBB-A75A-C95F18115C68}.Debug|x64.Build.0 = Debug|x64
		{BD446484-DF5B-4BBB-A75A-C95F18115C68}.Debug|x86.ActiveCfg = Debug|Win32
		{BD446484-DF5B-4BBB-A75A-C95F18115C68}.Debug|x86.Build.0 = Debug|Win32
		{BD446484-DF5B-4BBB-A75A-C95F18115C68}.Release|x64.ActiveCfg = Release|x64
		{BD446484-DF5B-4BBB-A75A-C95F18115C68}.Release|x64.Build.0 = Release|x64
		{BD446484-DF5B-4BBB-A75A-C95F18115C68}.Release|x86.ActiveCfg = Release|Win32
		{BD446484-DF5B-4BBB-A75A-C95F18115C68}.Release|x86.Build.0 = Release|Win32
		{427FD59E-E026-47B2-B3B2-ED234D1B9AC8}.Debug|x64.ActiveCfg = Debug|x64
		{427FD59E-E026-47B2-B3B2-ED234D1B9AC8}.Debug|x64.Build.0 = Debug|x64
		{427FD59E-E026-47B2-B3B2-ED234D1B9AC8}.Debug|x86.ActiveCfg = Debug|Win32
		{427FD59E-E026-47B2-B3B2-ED234D1B9AC8}.Debug|x86.Build.0 = Debug|Win32
		{427FD59E-E026-47B2-B3B2-ED234D1B9AC8}.Release|x64.ActiveCfg = Release|x64
		{427FD59E-E026-47B2-B3B2-ED234D1B9AC8}.Release|x64.Build.0 = Release|x64
		{427FD59E-E026-47B2-B3B2-ED234D1B9AC8}.Release|x86.ActiveCfg = Release|Win32
		{427FD59E-E026-47B2-B3B2-ED234D1B9AC8}.Release|x86.Build.0 = Release|Win32
		{9B4BC453-FE08-48B6-8933-0EF1E8358C32}.Debug|x64.ActiveCfg = Debug|x64
		{9B4BC453-FE08-48B6-8933-0EF1E8358C32}.Debug|x64.Build.0 = Debug|x64
		{9B4BC453-FE08-48B6-8933-0EF1E8358C32}.Debug|x86.ActiveCfg = Debug|Win32
		{9B4BC453-FE08-48B6-8933-0EF1E8358C32}.Debug|x86.Build.0 = Debug|Win32
		{9B4BC453-FE08-48B6-8933-0EF1E8358C32}.Release|x64.ActiveCfg = Release|x64
		{9B4BC453-FE08-48B6-8933-0EF1E8358C32}.Release|x64.Build.0 = Release|x64
		{9B4BC453-FE08-48B6-8933-0EF1E8358C32}.Release|x86.ActiveCfg = Release|Win32
		{9B4BC453-FE08-48B6-8933-0EF1E8358C32}.Release|x86.Build.0 = Release|Win32
		{0C46A0F4-E60B-468A-AE8B-8096C5EED328}.Debug|x64.ActiveCfg = Debug|x64
		{0C46A0F4-E60B-468A-AE8B-8096C5EED328}.Debug|x64.Build.0 = Debug|x64
		{0C46A0F4-E60B-468A-AE8B-8096C5EED328}.Debug|x86.ActiveCfg = Debug|Win32
		{0C46A0F4-E60B-468A-AE8B-8096C5EED328}.Debug|x86.Build.0 = Debug|Win32
		{0C46A0F4-E60B-468A-AE8B-8096C5EED328}.Release|x64.ActiveCfg = Release|x64
		{0C46A0F4-E60B-468A-AE8B-8096C5EED328}.Release|x64.Build.0 = Release|x64
		{0C46A0F4-E60B-468A-AE8B-8096C5EED328}.Release|x86.ActiveCfg = Release|Win32
		{0C46A0F4-E60B-468A-AE8B-8096C5EED328}.Release|x86.Build.0 = Release|Win32
		{67DB176E-0F0A-4B9C-BB96-0324FF9CE380}.Debug|x64.ActiveCfg = Debug|x64
		{67DB176E-0F0A-4B9C-BB96-0324FF9CE380}.Debug|x64.Build.0 = Debug|x64
		{67DB176E-0F0A-4B9C-BB96-0324FF9CE380}.Debug|x86.ActiveCfg = Debug|Win32
		{67DB176E-0F0A-4B9C-BB96-0324FF9CE380}.Debug|x86.Build.0 = Debug|Win32
		{67DB176E-0F0A-4B9C-BB96-0324FF9CE380}.Release|x64.ActiveCfg = Release|x64
		{67DB176E-0F0A-4B9C-BB96-0324FF9CE380}.Release|x64.Build.0 = Release|x64
		{67DB176E-0F0A-4B9C-BB96-0324FF9CE380}.Release|x86.ActiveCfg = Release|Win32
		{67DB176E-0F0A-4B9C-BB96-0324FF9CE380}.Release|x86.Build.0 = Release|Win32
		{EC098717-27EA-4552-AE59-84B7490C3573}.Debug|x64.ActiveCfg = Debug|x64
		{EC098717-27EA-4552-AE59-84B7490C3573}.Debug|x64.Build.0 = Debug|x64
		{EC098717-27EA-4552-AE59-84B7490C3573}.Debug|x86.ActiveCfg = Debug|Win32
		{EC098717-27EA-4552-AE59-84B7490C3573}.Debug|x86.Build.0 = Debug|Win32
		{EC098717-27EA-4552-AE59-84B7490C3573}.Release|x64.ActiveCfg = Release|x64
		{EC098717-27EA-4552-AE59-84B7490C3573}.Release|x64.Build.0 = Release|x64
		{EC098717-27EA-4552-AE59-84B7490C3573}.Release|x86.ActiveCfg = Release|Win32
		{EC098717-27EA-4552-AE59-84B7490C3573}.Release|x86.Build.0 = Release|Win32
		{D031BE07-8081-4597-ABF5-5E1F1D5B9E8B}.Debug|x64.ActiveCfg = Debug|x64
		{D031BE07-8081-4597-ABF5-5E1F1D5B9E8B}.Debug|x64.Build.0 = Debug|x64
		{D031BE07-8081-4597-ABF5-5E1F1D5B9E8B}.Debug|x86.ActiveCfg = Debug|Win32
		{D031BE07-8081-4597-ABF5-5E1F1D5B9E8B}.Debug|x86.Build.0 = Debug|Win32
		{D031BE07-8081-4597-ABF5-5E1F1D5B9E8B}.Release|x64.ActiveCfg = Release|x64
		{D031BE07-8081-4597-ABF5-5E1F1D5B9E8B}.Release|x64.Build.0 = Release|x64
		{D031BE07-8081-4597-ABF5-5E1F1D5B9E8B}.Release|x86.ActiveCfg = Release|Win32
		{D031BE07-8081-4597-ABF5-5E1F1D5B9E8B}.Release|x86.Build.0 = Release|Win32
		{788CE558-1E5B-4040-A7CC-C66B726B4131}.Debug|x64.ActiveCfg = Debug|x64
		{788CE558-1E5B-4040-A7CC-C66B726B4131}.Debug|x64.Build.0 = Debug|x64
		{788CE558-1E5B-4040-A7CC-C66B726B4131}.Debug|x86.ActiveCfg = Debug|Win32
		{788CE558-1E5B-4040-A7CC-C66B726B4131}.Debug|x86.Build.0 = Debug|Win32
		{788CE558-1E5B-4040-A7CC-C66B726B4131}.Release|x64.ActiveCfg = Release|x64
		{788CE558-1E5B-4040-A7CC-C66B726B4131}.Release|x64.Build.0 = Release|x64
		{788CE558-1E5B-4040-A7CC-C66B726B4131}.Release|x86.ActiveCfg = Release|Win32
		{788CE558-1E5B-4040-A7CC-C66B726B4131}.Release|x86.Build.0 = Release|Win32
		{150F828A-B75A-41F4-9BA9-7E84A6C793F4}.Debug|x64.ActiveCfg = Debug|x64
		{150F828A-B75A-41F4-9BA9-7E84A6C793F4}.Debug|x64.Build.0 = Debug|x64
		{150F828A-B75A-41F4-9BA9-7E84A6C793F4}.Debug|x86.ActiveCfg = Debug|Win32
		{150F828A-B75A-41F4-9BA9-7E84A6C793F4}.Debug|x86.Build.0 = Debug|Win32
		{150F828A-B75A-41F4-9BA9-7E84A6C793F4}.Release|x64.ActiveCfg = Release|x64
		{150F828A-B75A-41F4-9BA9-7E84A6C793F4}.Release|x64.Build.0 = Release|x64
		{150F828A-B75A-41F4-9BA9-7E84A6C793F4}.Release|x86.ActiveCfg = Release|Win32
		{150F828A-B75A-41F4-9BA9-7E84A6C793F4}.Release|x86.Build.0 = Release|Win32
		{C12A6B61-149D-40CA-AB4C-1ACB129E80C3}.Debug|x64.ActiveCfg = Debug|x64
		{C12A6B61-149D-40CA-AB4C-1ACB129E80C3}.Debug|x64.Build.0 = Debug|x64
		{C12A6B61-149D-40CA-AB4C-1ACB129E80C3}.Debug|x86.ActiveCfg = Debug|Win32
		{C12A6B61-149D-40CA-AB4C-1ACB129E80C3}.Debug|x86.Build.0 = Debug|Win32
		{C12A6B61-149D-40CA-AB4C-1ACB129E80C3}.Release|x64.ActiveCfg = Release|x64
		{C12A6B61-149D-40CA-AB4C-1ACB129E80C3}.Release|x64.Build.0 = Release|x64
		{C12A6B61-149D-40CA-AB4C-1ACB129E80C3}.Release|x86.ActiveCfg = Release|Win32
		{C12A6B61-149D-40CA-AB4C-1ACB129E80C3}.Release|x86.Build.0 = Release|Win32
		{7F818207-2270-409B-9E6C-FD98AB51D8D4}.Debug|x64.ActiveCfg = Debug|x64
		{7F818207-2270-409B-9E6C-FD98AB51D8D4}.Debug|x64.Build.0 = Debug|x64
		{7F818207-2270-409B-9E6C-FD98AB51D8D4}.Debug|x86.ActiveCfg = Debug|Win32
		{7F818207-2270-409B-9E6C-FD98AB51D8D4}.Debug|x86.Build.0 = Debug|Win32
		{7F818207-2270-409B-9E6C-FD98AB51D8D4}.Release|x64.ActiveCfg = Release|x64
		{7F818207-2270-409B-9E6C-FD98AB51D8D4}.Release|x64.Build.0 = Release|x64
		{7F818207-2270-409B-9E6C-FD98AB51D8D4}.Release|x86.ActiveCfg = Release|Win32
		{7F818207-2270-409B-9E6C-FD98AB51D8D4}.Release|x86.Build.0 = Release|Win32
		{56B95650-B01E-431B-9BF7-D19A8877467B}.Debug|x64.ActiveCfg = Debug|x64
		{56B95650-B01E-431B-9BF7-D19A8877467B}.Debug|x64.Build.0 = Debug|x64
		{56B95650-B01E-431B-9BF7-D19A8877467B}.Debug|x86.ActiveCfg = Debug|Win32
		{56B95650-B01E-431B-9BF7-D19A8877467B}.Debug|x86.Build.0 = Debug|Win32
		{56B95650-B01E-431B-9BF7-D19A8877467B}.Release|x64.ActiveCfg = Release|x64
		{56B95650-B01E-431B-9BF7-D19A8877467B}.Release|x64.Build.0 = Release|x64
		{56B95650-B01E-431B-9BF7-D19A8877467B}.Release|x86.ActiveCfg = Release|Win32
		{56B95650-B01E-431B-9BF7-D19A8877467B}.Release|x86.Build.0 = Release|Win32
		{A79435F7-77A8-475D-A725-B8427BC4D3FE}.Debug|x64.ActiveCfg = Debug|x64
		{A79435F7-77A8-475D-A725-B8427BC4D3FE}.Debug|x64.Build.0 = Debug|x64
		{A79435F7-77A8-475D-A725-B8427BC4D3FE}.Debug|x86.ActiveCfg = Debug|Win32
		{A79435F7-77A8-475D-A725-B8427BC4D3FE}.Debug|x86.Build.0 = Debug|Win32
		{A79435F7-77A8-475D-A725-B8427BC4D3FE}.Release|x64.ActiveCfg = Release|x64
		{A79435F7-77A8-475D-A725-B8427BC4D3FE}.Release|x64.Build.0 = Release|x64
		{A79435F7-77A8-475D-A725-B8427BC4D3FE}.Release|x86.ActiveCfg = Release|Win32
		{A79435F7-77A8-475D-A725-B8427BC4D3FE}.Release|x86.Build.0 = Release|Win32
		{52D423C2-18F7-4DEC-8220-6584966792B1}.Debug|x64.ActiveCfg = Debug|x64
		{52D423C2-18F7-4DEC-8220-6584966792B1}.Debug|x64.Build.0 = Debug|x64
		{52D423C2-18F7-4DEC-8220-6584966792B1}.Debug|x86.ActiveCfg = Debug|Win32
		{52D423C2-18F7-4DEC-8220-6584966792B1}.Debug|x86.Build.0 = Debug|Win32
		{52D423C2-18F7-4DEC-8220-6584966792B1}.Release|x64.ActiveCfg = Release|x64
		{52D423C2-18F7-4DEC-8220-6584966792B1}.Release|x64.Build.0 = Release|x64
		{52D423C2-18F7-4DEC-8220-6584966792B1}.Release|x86.ActiveCfg = Release|Win32
		{52D423C2-18F7-4DEC-8220-6584966792B1}.Release|x86.Build.0 = Release|Win32
	EndGlobalSection
	GlobalSection(SolutionProperties) = preSolution
		HideSolutionNode = FALSE
	EndGlobalSection
	GlobalSection(ExtensibilityGlobals) = postSolution
		SolutionGuid = {0CC07DEA-01B3-4A61-A1E0-F130629A5CD8}
	EndGlobalSection
EndGlobal
